
Microsoft Visual Studio Solution File, Format Version 12.00
# Visual Studio Version 17
VisualStudioVersion = 17.11.35327.3
MinimumVisualStudioVersion = 10.0.40219.1
Project("{FAE04EC0-301F-11D3-BF4B-00C04F79EFBC}") = "Problem 7", "Problem 7\Problem 7.csproj", "{3145E5DA-AD83-4A3F-8264-E0884672998C}"
EndProject
Global
	GlobalSection(SolutionConfigurationPlatforms) = preSolution
		Debug|Any CPU = Debug|Any CPU
		Release|Any CPU = Release|Any CPU
	EndGlobalSection
	GlobalSection(ProjectConfigurationPlatforms) = postSolution
		{3145E5DA-AD83-4A3F-8264-E0884672998C}.Debug|Any CPU.ActiveCfg = Debug|Any CPU
		{3145E5DA-AD83-4A3F-8264-E0884672998C}.Debug|Any CPU.Build.0 = Debug|Any CPU
		{3145E5DA-AD83-4A3F-8264-E0884672998C}.Release|Any CPU.ActiveCfg = Release|Any CPU
		{3145E5DA-AD83-4A3F-8264-E0884672998C}.Release|Any CPU.Build.0 = Release|Any CPU
	EndGlobalSection
	GlobalSection(SolutionProperties) = preSolution
		HideSolutionNode = FALSE
	EndGlobalSection
	GlobalSection(ExtensibilityGlobals) = postSolution
		SolutionGuid = {AEAFE170-D731-4630-88A5-E1C2AAA757CC}
	EndGlobalSection
EndGlobal
