
Microsoft Visual Studio Solution File, Format Version 12.00
# Visual Studio Version 16
VisualStudioVersion = 16.0.35325.158
MinimumVisualStudioVersion = 10.0.40219.1
Project("{FAE04EC0-301F-11D3-BF4B-00C04F79EFBC}") = "Challenge-2", "Challenge-2\Challenge-2.csproj", "{E3DDD778-1FD0-4E21-9B86-36A340860ACE}"
EndProject
Global
	GlobalSection(SolutionConfigurationPlatforms) = preSolution
		Debug|Any CPU = Debug|Any CPU
		Release|Any CPU = Release|Any CPU
	EndGlobalSection
	GlobalSection(ProjectConfigurationPlatforms) = postSolution
		{E3DDD778-1FD0-4E21-9B86-36A340860ACE}.Debug|Any CPU.ActiveCfg = Debug|Any CPU
		{E3DDD778-1FD0-4E21-9B86-36A340860ACE}.Debug|Any CPU.Build.0 = Debug|Any CPU
		{E3DDD778-1FD0-4E21-9B86-36A340860ACE}.Release|Any CPU.ActiveCfg = Release|Any CPU
		{E3DDD778-1FD0-4E21-9B86-36A340860ACE}.Release|Any CPU.Build.0 = Release|Any CPU
	EndGlobalSection
	GlobalSection(SolutionProperties) = preSolution
		HideSolutionNode = FALSE
	EndGlobalSection
	GlobalSection(ExtensibilityGlobals) = postSolution
		SolutionGuid = {F8155075-A26B-4CC7-B446-49C3061A6742}
	EndGlobalSection
EndGlobal
