
Microsoft Visual Studio Solution File, Format Version 12.00
# Visual Studio Version 16
VisualStudioVersion = 16.0.35325.158
MinimumVisualStudioVersion = 10.0.40219.1
Project("{FAE04EC0-301F-11D3-BF4B-00C04F79EFBC}") = "Problem_4", "Problem_4\Problem_4.csproj", "{0062E54C-9A3B-403D-BE1C-4922322608EC}"
EndProject
Global
	GlobalSection(SolutionConfigurationPlatforms) = preSolution
		Debug|Any CPU = Debug|Any CPU
		Release|Any CPU = Release|Any CPU
	EndGlobalSection
	GlobalSection(ProjectConfigurationPlatforms) = postSolution
		{0062E54C-9A3B-403D-BE1C-4922322608EC}.Debug|Any CPU.ActiveCfg = Debug|Any CPU
		{0062E54C-9A3B-403D-BE1C-4922322608EC}.Debug|Any CPU.Build.0 = Debug|Any CPU
		{0062E54C-9A3B-403D-BE1C-4922322608EC}.Release|Any CPU.ActiveCfg = Release|Any CPU
		{0062E54C-9A3B-403D-BE1C-4922322608EC}.Release|Any CPU.Build.0 = Release|Any CPU
	EndGlobalSection
	GlobalSection(SolutionProperties) = preSolution
		HideSolutionNode = FALSE
	EndGlobalSection
	GlobalSection(ExtensibilityGlobals) = postSolution
		SolutionGuid = {206FCD0F-4FBC-42F5-BEC5-8A76501627F7}
	EndGlobalSection
EndGlobal
