
Microsoft Visual Studio Solution File, Format Version 12.00
# Visual Studio Version 16
VisualStudioVersion = 16.0.35325.158
MinimumVisualStudioVersion = 10.0.40219.1
Project("{FAE04EC0-301F-11D3-BF4B-00C04F79EFBC}") = "Problem 1", "Problem 1\Problem 1.csproj", "{A1AE7A57-B7BD-4F8C-9CCF-59B3C32B5DB9}"
EndProject
Global
	GlobalSection(SolutionConfigurationPlatforms) = preSolution
		Debug|Any CPU = Debug|Any CPU
		Release|Any CPU = Release|Any CPU
	EndGlobalSection
	GlobalSection(ProjectConfigurationPlatforms) = postSolution
		{A1AE7A57-B7BD-4F8C-9CCF-59B3C32B5DB9}.Debug|Any CPU.ActiveCfg = Debug|Any CPU
		{A1AE7A57-B7BD-4F8C-9CCF-59B3C32B5DB9}.Debug|Any CPU.Build.0 = Debug|Any CPU
		{A1AE7A57-B7BD-4F8C-9CCF-59B3C32B5DB9}.Release|Any CPU.ActiveCfg = Release|Any CPU
		{A1AE7A57-B7BD-4F8C-9CCF-59B3C32B5DB9}.Release|Any CPU.Build.0 = Release|Any CPU
	EndGlobalSection
	GlobalSection(SolutionProperties) = preSolution
		HideSolutionNode = FALSE
	EndGlobalSection
	GlobalSection(ExtensibilityGlobals) = postSolution
		SolutionGuid = {EB198253-4F24-4151-BBEC-6356A782F39B}
	EndGlobalSection
EndGlobal
