
Microsoft Visual Studio Solution File, Format Version 12.00
# Visual Studio Version 17
VisualStudioVersion = 17.11.35327.3
MinimumVisualStudioVersion = 10.0.40219.1
Project("{FAE04EC0-301F-11D3-BF4B-00C04F79EFBC}") = "equalornot", "equalornot\equalornot.csproj", "{96877F7A-4664-4BBB-B974-0013C5C712FB}"
EndProject
Global
	GlobalSection(SolutionConfigurationPlatforms) = preSolution
		Debug|Any CPU = Debug|Any CPU
		Release|Any CPU = Release|Any CPU
	EndGlobalSection
	GlobalSection(ProjectConfigurationPlatforms) = postSolution
		{96877F7A-4664-4BBB-B974-0013C5C712FB}.Debug|Any CPU.ActiveCfg = Debug|Any CPU
		{96877F7A-4664-4BBB-B974-0013C5C712FB}.Debug|Any CPU.Build.0 = Debug|Any CPU
		{96877F7A-4664-4BBB-B974-0013C5C712FB}.Release|Any CPU.ActiveCfg = Release|Any CPU
		{96877F7A-4664-4BBB-B974-0013C5C712FB}.Release|Any CPU.Build.0 = Release|Any CPU
	EndGlobalSection
	GlobalSection(SolutionProperties) = preSolution
		HideSolutionNode = FALSE
	EndGlobalSection
	GlobalSection(ExtensibilityGlobals) = postSolution
		SolutionGuid = {76B88A7B-835F-4743-A074-700D3411169D}
	EndGlobalSection
EndGlobal
