
Microsoft Visual Studio Solution File, Format Version 12.00
# Visual Studio Version 16
VisualStudioVersion = 16.0.35325.158
MinimumVisualStudioVersion = 10.0.40219.1
Project("{FAE04EC0-301F-11D3-BF4B-00C04F79EFBC}") = "Problem_8", "Problem_8\Problem_8.csproj", "{428E5F5E-3BCA-4ED8-AAC8-CB485280111E}"
EndProject
Global
	GlobalSection(SolutionConfigurationPlatforms) = preSolution
		Debug|Any CPU = Debug|Any CPU
		Release|Any CPU = Release|Any CPU
	EndGlobalSection
	GlobalSection(ProjectConfigurationPlatforms) = postSolution
		{428E5F5E-3BCA-4ED8-AAC8-CB485280111E}.Debug|Any CPU.ActiveCfg = Debug|Any CPU
		{428E5F5E-3BCA-4ED8-AAC8-CB485280111E}.Debug|Any CPU.Build.0 = Debug|Any CPU
		{428E5F5E-3BCA-4ED8-AAC8-CB485280111E}.Release|Any CPU.ActiveCfg = Release|Any CPU
		{428E5F5E-3BCA-4ED8-AAC8-CB485280111E}.Release|Any CPU.Build.0 = Release|Any CPU
	EndGlobalSection
	GlobalSection(SolutionProperties) = preSolution
		HideSolutionNode = FALSE
	EndGlobalSection
	GlobalSection(ExtensibilityGlobals) = postSolution
		SolutionGuid = {CF8002F9-3211-46D5-8DDD-8BB3DC726F67}
	EndGlobalSection
EndGlobal
