
Microsoft Visual Studio Solution File, Format Version 12.00
# Visual Studio Version 17
VisualStudioVersion = 17.11.35327.3
MinimumVisualStudioVersion = 10.0.40219.1
Project("{FAE04EC0-301F-11D3-BF4B-00C04F79EFBC}") = "Problem_3", "Problem_3\Problem_3.csproj", "{C91BD7AC-3C4B-486C-B501-D47CFB18C39F}"
EndProject
Global
	GlobalSection(SolutionConfigurationPlatforms) = preSolution
		Debug|Any CPU = Debug|Any CPU
		Release|Any CPU = Release|Any CPU
	EndGlobalSection
	GlobalSection(ProjectConfigurationPlatforms) = postSolution
		{C91BD7AC-3C4B-486C-B501-D47CFB18C39F}.Debug|Any CPU.ActiveCfg = Debug|Any CPU
		{C91BD7AC-3C4B-486C-B501-D47CFB18C39F}.Debug|Any CPU.Build.0 = Debug|Any CPU
		{C91BD7AC-3C4B-486C-B501-D47CFB18C39F}.Release|Any CPU.ActiveCfg = Release|Any CPU
		{C91BD7AC-3C4B-486C-B501-D47CFB18C39F}.Release|Any CPU.Build.0 = Release|Any CPU
	EndGlobalSection
	GlobalSection(SolutionProperties) = preSolution
		HideSolutionNode = FALSE
	EndGlobalSection
	GlobalSection(ExtensibilityGlobals) = postSolution
		SolutionGuid = {4BCD4459-7EAD-4971-A579-BEE9C25D4ED0}
	EndGlobalSection
EndGlobal
