
Microsoft Visual Studio Solution File, Format Version 12.00
# Visual Studio Version 16
VisualStudioVersion = 16.0.35425.106
MinimumVisualStudioVersion = 10.0.40219.1
Project("{FAE04EC0-301F-11D3-BF4B-00C04F79EFBC}") = "RailwayProject", "RailwayProject\RailwayProject.csproj", "{216E4E34-9342-440C-BEC0-F04DA416904B}"
EndProject
Global
	GlobalSection(SolutionConfigurationPlatforms) = preSolution
		Debug|Any CPU = Debug|Any CPU
		Release|Any CPU = Release|Any CPU
	EndGlobalSection
	GlobalSection(ProjectConfigurationPlatforms) = postSolution
		{216E4E34-9342-440C-BEC0-F04DA416904B}.Debug|Any CPU.ActiveCfg = Debug|Any CPU
		{216E4E34-9342-440C-BEC0-F04DA416904B}.Debug|Any CPU.Build.0 = Debug|Any CPU
		{216E4E34-9342-440C-BEC0-F04DA416904B}.Release|Any CPU.ActiveCfg = Release|Any CPU
		{216E4E34-9342-440C-BEC0-F04DA416904B}.Release|Any CPU.Build.0 = Release|Any CPU
	EndGlobalSection
	GlobalSection(SolutionProperties) = preSolution
		HideSolutionNode = FALSE
	EndGlobalSection
	GlobalSection(ExtensibilityGlobals) = postSolution
		SolutionGuid = {EB218D48-D761-428B-8CBF-A351F60E6B1A}
	EndGlobalSection
EndGlobal
