
Microsoft Visual Studio Solution File, Format Version 12.00
# Visual Studio Version 17
VisualStudioVersion = 17.11.35327.3
MinimumVisualStudioVersion = 10.0.40219.1
Project("{FAE04EC0-301F-11D3-BF4B-00C04F79EFBC}") = "String_1", "String_1\String_1.csproj", "{5F32CACB-6F9B-4D47-B010-780DBB99AF57}"
EndProject
Global
	GlobalSection(SolutionConfigurationPlatforms) = preSolution
		Debug|Any CPU = Debug|Any CPU
		Release|Any CPU = Release|Any CPU
	EndGlobalSection
	GlobalSection(ProjectConfigurationPlatforms) = postSolution
		{5F32CACB-6F9B-4D47-B010-780DBB99AF57}.Debug|Any CPU.ActiveCfg = Debug|Any CPU
		{5F32CACB-6F9B-4D47-B010-780DBB99AF57}.Debug|Any CPU.Build.0 = Debug|Any CPU
		{5F32CACB-6F9B-4D47-B010-780DBB99AF57}.Release|Any CPU.ActiveCfg = Release|Any CPU
		{5F32CACB-6F9B-4D47-B010-780DBB99AF57}.Release|Any CPU.Build.0 = Release|Any CPU
	EndGlobalSection
	GlobalSection(SolutionProperties) = preSolution
		HideSolutionNode = FALSE
	EndGlobalSection
	GlobalSection(ExtensibilityGlobals) = postSolution
		SolutionGuid = {F0100EAC-1488-438D-A7B0-C351B04CE244}
	EndGlobalSection
EndGlobal
