
Microsoft Visual Studio Solution File, Format Version 12.00
# Visual Studio Version 17
VisualStudioVersion = 17.11.35327.3
MinimumVisualStudioVersion = 10.0.40219.1
Project("{FAE04EC0-301F-11D3-BF4B-00C04F79EFBC}") = "Assignment-6", "Assignment-6\Assignment-6.csproj", "{1FE90DC7-EBA4-4F18-8871-8343F75DCB41}"
EndProject
Global
	GlobalSection(SolutionConfigurationPlatforms) = preSolution
		Debug|Any CPU = Debug|Any CPU
		Release|Any CPU = Release|Any CPU
	EndGlobalSection
	GlobalSection(ProjectConfigurationPlatforms) = postSolution
		{1FE90DC7-EBA4-4F18-8871-8343F75DCB41}.Debug|Any CPU.ActiveCfg = Debug|Any CPU
		{1FE90DC7-EBA4-4F18-8871-8343F75DCB41}.Debug|Any CPU.Build.0 = Debug|Any CPU
		{1FE90DC7-EBA4-4F18-8871-8343F75DCB41}.Release|Any CPU.ActiveCfg = Release|Any CPU
		{1FE90DC7-EBA4-4F18-8871-8343F75DCB41}.Release|Any CPU.Build.0 = Release|Any CPU
	EndGlobalSection
	GlobalSection(SolutionProperties) = preSolution
		HideSolutionNode = FALSE
	EndGlobalSection
	GlobalSection(ExtensibilityGlobals) = postSolution
		SolutionGuid = {68CB8503-F66A-4B79-A4D4-AF19F5998B70}
	EndGlobalSection
EndGlobal
