
Microsoft Visual Studio Solution File, Format Version 12.00
# Visual Studio Version 16
VisualStudioVersion = 16.0.35325.158
MinimumVisualStudioVersion = 10.0.40219.1
Project("{FAE04EC0-301F-11D3-BF4B-00C04F79EFBC}") = "Problem_2", "Problem_2\Problem_2.csproj", "{7309A212-A0D4-431B-B6CF-E2492C9A4E77}"
EndProject
Global
	GlobalSection(SolutionConfigurationPlatforms) = preSolution
		Debug|Any CPU = Debug|Any CPU
		Release|Any CPU = Release|Any CPU
	EndGlobalSection
	GlobalSection(ProjectConfigurationPlatforms) = postSolution
		{7309A212-A0D4-431B-B6CF-E2492C9A4E77}.Debug|Any CPU.ActiveCfg = Debug|Any CPU
		{7309A212-A0D4-431B-B6CF-E2492C9A4E77}.Debug|Any CPU.Build.0 = Debug|Any CPU
		{7309A212-A0D4-431B-B6CF-E2492C9A4E77}.Release|Any CPU.ActiveCfg = Release|Any CPU
		{7309A212-A0D4-431B-B6CF-E2492C9A4E77}.Release|Any CPU.Build.0 = Release|Any CPU
	EndGlobalSection
	GlobalSection(SolutionProperties) = preSolution
		HideSolutionNode = FALSE
	EndGlobalSection
	GlobalSection(ExtensibilityGlobals) = postSolution
		SolutionGuid = {39C096C4-4C40-4787-834B-D14D41A4E762}
	EndGlobalSection
EndGlobal
