
Microsoft Visual Studio Solution File, Format Version 12.00
# Visual Studio Version 16
VisualStudioVersion = 16.0.35325.158
MinimumVisualStudioVersion = 10.0.40219.1
Project("{FAE04EC0-301F-11D3-BF4B-00C04F79EFBC}") = "Challenge-2", "Challenge-2\Challenge-2.csproj", "{AA35CBE9-6716-4DA2-8F2F-09A78D41D064}"
EndProject
Global
	GlobalSection(SolutionConfigurationPlatforms) = preSolution
		Debug|Any CPU = Debug|Any CPU
		Release|Any CPU = Release|Any CPU
	EndGlobalSection
	GlobalSection(ProjectConfigurationPlatforms) = postSolution
		{AA35CBE9-6716-4DA2-8F2F-09A78D41D064}.Debug|Any CPU.ActiveCfg = Debug|Any CPU
		{AA35CBE9-6716-4DA2-8F2F-09A78D41D064}.Debug|Any CPU.Build.0 = Debug|Any CPU
		{AA35CBE9-6716-4DA2-8F2F-09A78D41D064}.Release|Any CPU.ActiveCfg = Release|Any CPU
		{AA35CBE9-6716-4DA2-8F2F-09A78D41D064}.Release|Any CPU.Build.0 = Release|Any CPU
	EndGlobalSection
	GlobalSection(SolutionProperties) = preSolution
		HideSolutionNode = FALSE
	EndGlobalSection
	GlobalSection(ExtensibilityGlobals) = postSolution
		SolutionGuid = {049C6974-903C-4079-AD1A-97230E17C2B6}
	EndGlobalSection
EndGlobal
